
Microsoft Visual Studio Solution File, Format Version 12.00
# Visual Studio Version 17
VisualStudioVersion = 17.12.35527.113 d17.12
MinimumVisualStudioVersion = 10.0.40219.1
Project("{FAE04EC0-301F-11D3-BF4B-00C04F79EFBC}") = "ChessLogic", "ChessLogic\ChessLogic.csproj", "{77294CBF-8C27-481B-9A87-E48D70924479}"
EndProject
Project("{FAE04EC0-301F-11D3-BF4B-00C04F79EFBC}") = "ChessUI", "ChessUI\ChessUI.csproj", "{4E2EFFD4-451C-4187-AE52-F8183AE29E4F}"
EndProject
Global
	GlobalSection(SolutionConfigurationPlatforms) = preSolution
		Debug|Any CPU = Debug|Any CPU
		Release|Any CPU = Release|Any CPU
	EndGlobalSection
	GlobalSection(ProjectConfigurationPlatforms) = postSolution
		{77294CBF-8C27-481B-9A87-E48D70924479}.Debug|Any CPU.ActiveCfg = Debug|Any CPU
		{77294CBF-8C27-481B-9A87-E48D70924479}.Debug|Any CPU.Build.0 = Debug|Any CPU
		{77294CBF-8C27-481B-9A87-E48D70924479}.Release|Any CPU.ActiveCfg = Release|Any CPU
		{77294CBF-8C27-481B-9A87-E48D70924479}.Release|Any CPU.Build.0 = Release|Any CPU
		{4E2EFFD4-451C-4187-AE52-F8183AE29E4F}.Debug|Any CPU.ActiveCfg = Debug|Any CPU
		{4E2EFFD4-451C-4187-AE52-F8183AE29E4F}.Debug|Any CPU.Build.0 = Debug|Any CPU
		{4E2EFFD4-451C-4187-AE52-F8183AE29E4F}.Release|Any CPU.ActiveCfg = Release|Any CPU
		{4E2EFFD4-451C-4187-AE52-F8183AE29E4F}.Release|Any CPU.Build.0 = Release|Any CPU
	EndGlobalSection
	GlobalSection(SolutionProperties) = preSolution
		HideSolutionNode = FALSE
	EndGlobalSection
EndGlobal
